
Microsoft Visual Studio Solution File, Format Version 12.00
# Visual Studio Version 17
VisualStudioVersion = 17.11.35219.272
MinimumVisualStudioVersion = 10.0.40219.1
Project("{FAE04EC0-301F-11D3-BF4B-00C04F79EFBC}") = "LinkThePort-V2", "LinkThePort-V2.csproj", "{B094C5BF-E933-47A9-9B4A-3A740392B3F3}"
EndProject
Global
	GlobalSection(SolutionConfigurationPlatforms) = preSolution
		Debug|Any CPU = Debug|Any CPU
		Release|Any CPU = Release|Any CPU
	EndGlobalSection
	GlobalSection(ProjectConfigurationPlatforms) = postSolution
		{B094C5BF-E933-47A9-9B4A-3A740392B3F3}.Debug|Any CPU.ActiveCfg = Debug|Any CPU
		{B094C5BF-E933-47A9-9B4A-3A740392B3F3}.Debug|Any CPU.Build.0 = Debug|Any CPU
		{B094C5BF-E933-47A9-9B4A-3A740392B3F3}.Release|Any CPU.ActiveCfg = Release|Any CPU
		{B094C5BF-E933-47A9-9B4A-3A740392B3F3}.Release|Any CPU.Build.0 = Release|Any CPU
	EndGlobalSection
	GlobalSection(SolutionProperties) = preSolution
		HideSolutionNode = FALSE
	EndGlobalSection
	GlobalSection(ExtensibilityGlobals) = postSolution
		SolutionGuid = {66DAA4C1-AC6B-4A89-ADB7-6DBF190059B5}
	EndGlobalSection
EndGlobal
